{
  "requires": true,
  "lockfileVersion": 1,
  "dependencies": {
    "react-composite": {
      "version": "1.0.0",
      "resolved": "https://registry.npmjs.org/react-composite/-/react-composite-1.0.0.tgz",
      "integrity": "sha512-naYDh4Xi9NR+ESO8HPySNBx/ZAZ1MGkUm+/Z/TSv5TrerJT31HktytQlNJEVAjCarZU3+KjMx9I7aOnhkU8Ubg=="
    }
  }
}
